// !$*UTF8*$!
{
	archiveVersion = 1;
	classes = {
	};
	objectVersion = 77;
	objects = {

/* Begin PBXContainerItemProxy section */
		3D30B99A2F60EA6C005B2798 /* PBXContainerItemProxy */ = {
			isa = PBXContainerItemProxy;
			containerPortal = 3D30B97B2F60EA6A005B2798 /* Project object */;
			proxyType = 1;
			remoteGlobalIDString = 3D30B9822F60EA6A005B2798;
			remoteInfo = Truco;
		};
		3D30B9A42F60EA6C005B2798 /* PBXContainerItemProxy */ = {
			isa = PBXContainerItemProxy;
			containerPortal = 3D30B97B2F60EA6A005B2798 /* Project object */;
			proxyType = 1;
			remoteGlobalIDString = 3D30B9822F60EA6A005B2798;
			remoteInfo = Truco;
		};
/* End PBXContainerItemProxy section */

/* Begin PBXFileReference section */
		3D30B9832F60EA6A005B2798 /* Truco.app */ = {isa = PBXFileReference; explicitFileType = wrapper.application; includeInIndex = 0; path = Truco.app; sourceTree = BUILT_PRODUCTS_DIR; };
		3D30B9992F60EA6C005B2798 /* TrucoTests.xctest */ = {isa = PBXFileReference; explicitFileType = wrapper.cfbundle; includeInIndex = 0; path = TrucoTests.xctest; sourceTree = BUILT_PRODUCTS_DIR; };
		3D30B9A32F60EA6C005B2798 /* TrucoUITests.xctest */ = {isa = PBXFileReference; explicitFileType = wrapper.cfbundle; includeInIndex = 0; path = TrucoUITests.xctest; sourceTree = BUILT_PRODUCTS_DIR; };
/* End PBXFileReference section */

/* Begin PBXFileSystemSynchronizedRootGroup section */
		3D30B9852F60EA6A005B2798 /* Truco */ = {
			isa = PBXFileSystemSynchronizedRootGroup;
			path = Truco;
			sourceTree = "<group>";
		};
		3D30B99C2F60EA6C005B2798 /* TrucoTests */ = {
			isa = PBXFileSystemSynchronizedRootGroup;
			path = TrucoTests;
			sourceTree = "<group>";
		};
		3D30B9A62F60EA6C005B2798 /* TrucoUITests */ = {
			isa = PBXFileSystemSynchronizedRootGroup;
			path = TrucoUITests;
			sourceTree = "<group>";
		};
/* End PBXFileSystemSynchronizedRootGroup section */

/* Begin PBXFrameworksBuildPhase section */
		3D30B9802F60EA6A005B2798 /* Frameworks */ = {
			isa = PBXFrameworksBuildPhase;
			buildActionMask = 2147483647;
			files = (
			);
			runOnlyForDeploymentPostprocessing = 0;
		};
		3D30B9962F60EA6C005B2798 /* Frameworks */ = {
			isa = PBXFrameworksBuildPhase;
			buildActionMask = 2147483647;
			files = (
			);
			runOnlyForDeploymentPostprocessing = 0;
		};
		3D30B9A02F60EA6C005B2798 /* Frameworks */ = {
			isa = PBXFrameworksBuildPhase;
			buildActionMask = 2147483647;
			files = (
			);
			runOnlyForDeploymentPostprocessing = 0;
		};
/* End PBXFrameworksBuildPhase section */

/* Begin PBXGroup section */
		3D30B97A2F60EA6A005B2798 = {
			isa = PBXGroup;
			children = (
				3D30B9852F60EA6A005B2798 /* Truco */,
				3D30B99C2F60EA6C005B2798 /* TrucoTests */,
				3D30B9A62F60EA6C005B2798 /* TrucoUITests */,
				3D30B9842F60EA6A005B2798 /* Products */,
			);
			sourceTree = "<group>";
		};
		3D30B9842F60EA6A005B2798 /* Products */ = {
			isa = PBXGroup;
			children = (
				3D30B9832F60EA6A005B2798 /* Truco.app */,
				3D30B9992F60EA6C005B2798 /* TrucoTests.xctest */,
				3D30B9A32F60EA6C005B2798 /* TrucoUITests.xctest */,
			);
			name = Products;
			sourceTree = "<group>";
		};
/* End PBXGroup section */

/* Begin PBXNativeTarget section */
		3D30B9822F60EA6A005B2798 /* Truco */ = {
			isa = PBXNativeTarget;
			buildConfigurationList = 3D30B9AD2F60EA6C005B2798 /* Build configuration list for PBXNativeTarget "Truco" */;
			buildPhases = (
				3D30B97F2F60EA6A005B2798 /* Sources */,
				3D30B9802F60EA6A005B2798 /* Frameworks */,
				3D30B9812F60EA6A005B2798 /* Resources */,
				AA00BEEF2F60EA6C005B2798 /* Embed libtruco_core.dylib */,
			);
			buildRules = (
			);
			dependencies = (
			);
			fileSystemSynchronizedGroups = (
				3D30B9852F60EA6A005B2798 /* Truco */,
			);
			name = Truco;
			packageProductDependencies = (
			);
			productName = Truco;
			productReference = 3D30B9832F60EA6A005B2798 /* Truco.app */;
			productType = "com.apple.product-type.application";
		};
		3D30B9982F60EA6C005B2798 /* TrucoTests */ = {
			isa = PBXNativeTarget;
			buildConfigurationList = 3D30B9B02F60EA6C005B2798 /* Build configuration list for PBXNativeTarget "TrucoTests" */;
			buildPhases = (
				3D30B9952F60EA6C005B2798 /* Sources */,
				3D30B9962F60EA6C005B2798 /* Frameworks */,
				3D30B9972F60EA6C005B2798 /* Resources */,
			);
			buildRules = (
			);
			dependencies = (
				3D30B99B2F60EA6C005B2798 /* PBXTargetDependency */,
			);
			fileSystemSynchronizedGroups = (
				3D30B99C2F60EA6C005B2798 /* TrucoTests */,
			);
			name = TrucoTests;
			packageProductDependencies = (
			);
			productName = TrucoTests;
			productReference = 3D30B9992F60EA6C005B2798 /* TrucoTests.xctest */;
			productType = "com.apple.product-type.bundle.unit-test";
		};
		3D30B9A22F60EA6C005B2798 /* TrucoUITests */ = {
			isa = PBXNativeTarget;
			buildConfigurationList = 3D30B9B32F60EA6C005B2798 /* Build configuration list for PBXNativeTarget "TrucoUITests" */;
			buildPhases = (
				3D30B99F2F60EA6C005B2798 /* Sources */,
				3D30B9A02F60EA6C005B2798 /* Frameworks */,
				3D30B9A12F60EA6C005B2798 /* Resources */,
			);
			buildRules = (
			);
			dependencies = (
				3D30B9A52F60EA6C005B2798 /* PBXTargetDependency */,
			);
			fileSystemSynchronizedGroups = (
				3D30B9A62F60EA6C005B2798 /* TrucoUITests */,
			);
			name = TrucoUITests;
			packageProductDependencies = (
			);
			productName = TrucoUITests;
			productReference = 3D30B9A32F60EA6C005B2798 /* TrucoUITests.xctest */;
			productType = "com.apple.product-type.bundle.ui-testing";
		};
/* End PBXNativeTarget section */

/* Begin PBXProject section */
		3D30B97B2F60EA6A005B2798 /* Project object */ = {
			isa = PBXProject;
			attributes = {
				BuildIndependentTargetsInParallel = 1;
				LastSwiftUpdateCheck = 2630;
				LastUpgradeCheck = 2630;
				TargetAttributes = {
					3D30B9822F60EA6A005B2798 = {
						CreatedOnToolsVersion = 26.3;
					};
					3D30B9982F60EA6C005B2798 = {
						CreatedOnToolsVersion = 26.3;
						TestTargetID = 3D30B9822F60EA6A005B2798;
					};
					3D30B9A22F60EA6C005B2798 = {
						CreatedOnToolsVersion = 26.3;
						TestTargetID = 3D30B9822F60EA6A005B2798;
					};
				};
			};
			buildConfigurationList = 3D30B97E2F60EA6A005B2798 /* Build configuration list for PBXProject "Truco" */;
			developmentRegion = en;
			hasScannedForEncodings = 0;
			knownRegions = (
				en,
				Base,
			);
			mainGroup = 3D30B97A2F60EA6A005B2798;
			minimizedProjectReferenceProxies = 1;
			preferredProjectObjectVersion = 77;
			productRefGroup = 3D30B9842F60EA6A005B2798 /* Products */;
			projectDirPath = "";
			projectRoot = "";
			targets = (
				3D30B9822F60EA6A005B2798 /* Truco */,
				3D30B9982F60EA6C005B2798 /* TrucoTests */,
				3D30B9A22F60EA6C005B2798 /* TrucoUITests */,
			);
		};
/* End PBXProject section */

/* Begin PBXResourcesBuildPhase section */
		3D30B9812F60EA6A005B2798 /* Resources */ = {
			isa = PBXResourcesBuildPhase;
			buildActionMask = 2147483647;
			files = (
			);
			runOnlyForDeploymentPostprocessing = 0;
		};
		3D30B9972F60EA6C005B2798 /* Resources */ = {
			isa = PBXResourcesBuildPhase;
			buildActionMask = 2147483647;
			files = (
			);
			runOnlyForDeploymentPostprocessing = 0;
		};
		3D30B9A12F60EA6C005B2798 /* Resources */ = {
			isa = PBXResourcesBuildPhase;
			buildActionMask = 2147483647;
			files = (
			);
			runOnlyForDeploymentPostprocessing = 0;
		};
/* End PBXResourcesBuildPhase section */

/* Begin PBXShellScriptBuildPhase section */
		AA00BEEF2F60EA6C005B2798 /* Embed libtruco_core.dylib */ = {
			isa = PBXShellScriptBuildPhase;
			buildActionMask = 2147483647;
			files = (
			);
			inputPaths = (
				"$(PROJECT_DIR)/../../../bin/libtruco_core.dylib",
			);
			name = "Embed libtruco_core.dylib";
			outputPaths = (
				"$(BUILT_PRODUCTS_DIR)/$(WRAPPER_NAME)/Contents/Frameworks/libtruco_core.dylib",
			);
			runOnlyForDeploymentPostprocessing = 0;
			shellPath = /bin/sh;
			shellScript = "set -e\nmkdir -p \"${BUILT_PRODUCTS_DIR}/${WRAPPER_NAME}/Contents/Frameworks\"\ncp -f \"${PROJECT_DIR}/../../../bin/libtruco_core.dylib\" \"${BUILT_PRODUCTS_DIR}/${WRAPPER_NAME}/Contents/Frameworks/libtruco_core.dylib\"\n";
		};
/* End PBXShellScriptBuildPhase section */

/* Begin PBXSourcesBuildPhase section */
		3D30B97F2F60EA6A005B2798 /* Sources */ = {
			isa = PBXSourcesBuildPhase;
			buildActionMask = 2147483647;
			files = (
			);
			runOnlyForDeploymentPostprocessing = 0;
		};
		3D30B9952F60EA6C005B2798 /* Sources */ = {
			isa = PBXSourcesBuildPhase;
			buildActionMask = 2147483647;
			files = (
			);
			runOnlyForDeploymentPostprocessing = 0;
		};
		3D30B99F2F60EA6C005B2798 /* Sources */ = {
			isa = PBXSourcesBuildPhase;
			buildActionMask = 2147483647;
			files = (
			);
			runOnlyForDeploymentPostprocessing = 0;
		};
/* End PBXSourcesBuildPhase section */

/* Begin PBXTargetDependency section */
		3D30B99B2F60EA6C005B2798 /* PBXTargetDependency */ = {
			isa = PBXTargetDependency;
			target = 3D30B9822F60EA6A005B2798 /* Truco */;
			targetProxy = 3D30B99A2F60EA6C005B2798 /* PBXContainerItemProxy */;
		};
		3D30B9A52F60EA6C005B2798 /* PBXTargetDependency */ = {
			isa = PBXTargetDependency;
			target = 3D30B9822F60EA6A005B2798 /* Truco */;
			targetProxy = 3D30B9A42F60EA6C005B2798 /* PBXContainerItemProxy */;
		};
/* End PBXTargetDependency section */

/* Begin XCBuildConfiguration section */
		3D30B9AB2F60EA6C005B2798 /* Debug */ = {
			isa = XCBuildConfiguration;
			buildSettings = {
				ALWAYS_SEARCH_USER_PATHS = NO;
				ASSETCATALOG_COMPILER_GENERATE_SWIFT_ASSET_SYMBOL_EXTENSIONS = YES;
				CLANG_ANALYZER_NONNULL = YES;
				CLANG_ANALYZER_NUMBER_OBJECT_CONVERSION = YES_AGGRESSIVE;
				CLANG_CXX_LANGUAGE_STANDARD = "gnu++20";
				CLANG_ENABLE_MODULES = YES;
				CLANG_ENABLE_OBJC_ARC = YES;
				CLANG_ENABLE_OBJC_WEAK = YES;
				CLANG_WARN_BLOCK_CAPTURE_AUTORELEASING = YES;
				CLANG_WARN_BOOL_CONVERSION = YES;
				CLANG_WARN_COMMA = YES;
				CLANG_WARN_CONSTANT_CONVERSION = YES;
				CLANG_WARN_DEPRECATED_OBJC_IMPLEMENTATIONS = YES;
				CLANG_WARN_DIRECT_OBJC_ISA_USAGE = YES_ERROR;
				CLANG_WARN_DOCUMENTATION_COMMENTS = YES;
				CLANG_WARN_EMPTY_BODY = YES;
				CLANG_WARN_ENUM_CONVERSION = YES;
				CLANG_WARN_INFINITE_RECURSION = YES;
				CLANG_WARN_INT_CONVERSION = YES;
				CLANG_WARN_NON_LITERAL_NULL_CONVERSION = YES;
				CLANG_WARN_OBJC_IMPLICIT_RETAIN_SELF = YES;
				CLANG_WARN_OBJC_LITERAL_CONVERSION = YES;
				CLANG_WARN_OBJC_ROOT_CLASS = YES_ERROR;
				CLANG_WARN_QUOTED_INCLUDE_IN_FRAMEWORK_HEADER = YES;
				CLANG_WARN_RANGE_LOOP_ANALYSIS = YES;
				CLANG_WARN_STRICT_PROTOTYPES = YES;
				CLANG_WARN_SUSPICIOUS_MOVE = YES;
				CLANG_WARN_UNGUARDED_AVAILABILITY = YES_AGGRESSIVE;
				CLANG_WARN_UNREACHABLE_CODE = YES;
				CLANG_WARN__DUPLICATE_METHOD_MATCH = YES;
				COPY_PHASE_STRIP = NO;
				DEBUG_INFORMATION_FORMAT = dwarf;
				ENABLE_STRICT_OBJC_MSGSEND = YES;
				ENABLE_TESTABILITY = YES;
				ENABLE_USER_SCRIPT_SANDBOXING = YES;
				GCC_C_LANGUAGE_STANDARD = gnu17;
				GCC_DYNAMIC_NO_PIC = NO;
				GCC_NO_COMMON_BLOCKS = YES;
				GCC_OPTIMIZATION_LEVEL = 0;
				GCC_PREPROCESSOR_DEFINITIONS = (
					"DEBUG=1",
					"$(inherited)",
				);
				GCC_WARN_64_TO_32_BIT_CONVERSION = YES;
				GCC_WARN_ABOUT_RETURN_TYPE = YES_ERROR;
				GCC_WARN_UNDECLARED_SELECTOR = YES;
				GCC_WARN_UNINITIALIZED_AUTOS = YES_AGGRESSIVE;
				GCC_WARN_UNUSED_FUNCTION = YES;
				GCC_WARN_UNUSED_VARIABLE = YES;
				LOCALIZATION_PREFERS_STRING_CATALOGS = YES;
				MACOSX_DEPLOYMENT_TARGET = 26.2;
				MTL_ENABLE_DEBUG_INFO = INCLUDE_SOURCE;
				MTL_FAST_MATH = YES;
				ONLY_ACTIVE_ARCH = YES;
				SDKROOT = macosx;
				SWIFT_ACTIVE_COMPILATION_CONDITIONS = "DEBUG $(inherited)";
				SWIFT_OPTIMIZATION_LEVEL = "-Onone";
			};
			name = Debug;
		};
		3D30B9AC2F60EA6C005B2798 /* Release */ = {
			isa = XCBuildConfiguration;
			buildSettings = {
				ALWAYS_SEARCH_USER_PATHS = NO;
				ASSETCATALOG_COMPILER_GENERATE_SWIFT_ASSET_SYMBOL_EXTENSIONS = YES;
				CLANG_ANALYZER_NONNULL = YES;
				CLANG_ANALYZER_NUMBER_OBJECT_CONVERSION = YES_AGGRESSIVE;
				CLANG_CXX_LANGUAGE_STANDARD = "gnu++20";
				CLANG_ENABLE_MODULES = YES;
				CLANG_ENABLE_OBJC_ARC = YES;
				CLANG_ENABLE_OBJC_WEAK = YES;
				CLANG_WARN_BLOCK_CAPTURE_AUTORELEASING = YES;
				CLANG_WARN_BOOL_CONVERSION = YES;
				CLANG_WARN_COMMA = YES;
				CLANG_WARN_CONSTANT_CONVERSION = YES;
				CLANG_WARN_DEPRECATED_OBJC_IMPLEMENTATIONS = YES;
				CLANG_WARN_DIRECT_OBJC_ISA_USAGE = YES_ERROR;
				CLANG_WARN_DOCUMENTATION_COMMENTS = YES;
				CLANG_WARN_EMPTY_BODY = YES;
				CLANG_WARN_ENUM_CONVERSION = YES;
				CLANG_WARN_INFINITE_RECURSION = YES;
				CLANG_WARN_INT_CONVERSION = YES;
				CLANG_WARN_NON_LITERAL_NULL_CONVERSION = YES;
				CLANG_WARN_OBJC_IMPLICIT_RETAIN_SELF = YES;
				CLANG_WARN_OBJC_LITERAL_CONVERSION = YES;
				CLANG_WARN_OBJC_ROOT_CLASS = YES_ERROR;
				CLANG_WARN_QUOTED_INCLUDE_IN_FRAMEWORK_HEADER = YES;
				CLANG_WARN_RANGE_LOOP_ANALYSIS = YES;
				CLANG_WARN_STRICT_PROTOTYPES = YES;
				CLANG_WARN_SUSPICIOUS_MOVE = YES;
				CLANG_WARN_UNGUARDED_AVAILABILITY = YES_AGGRESSIVE;
				CLANG_WARN_UNREACHABLE_CODE = YES;
				CLANG_WARN__DUPLICATE_METHOD_MATCH = YES;
				COPY_PHASE_STRIP = NO;
				DEBUG_INFORMATION_FORMAT = "dwarf-with-dsym";
				ENABLE_NS_ASSERTIONS = NO;
				ENABLE_STRICT_OBJC_MSGSEND = YES;
				ENABLE_USER_SCRIPT_SANDBOXING = YES;
				GCC_C_LANGUAGE_STANDARD = gnu17;
				GCC_NO_COMMON_BLOCKS = YES;
				GCC_WARN_64_TO_32_BIT_CONVERSION = YES;
				GCC_WARN_ABOUT_RETURN_TYPE = YES_ERROR;
				GCC_WARN_UNDECLARED_SELECTOR = YES;
				GCC_WARN_UNINITIALIZED_AUTOS = YES_AGGRESSIVE;
				GCC_WARN_UNUSED_FUNCTION = YES;
				GCC_WARN_UNUSED_VARIABLE = YES;
				LOCALIZATION_PREFERS_STRING_CATALOGS = YES;
				MACOSX_DEPLOYMENT_TARGET = 26.2;
				MTL_ENABLE_DEBUG_INFO = NO;
				MTL_FAST_MATH = YES;
				SDKROOT = macosx;
				SWIFT_COMPILATION_MODE = wholemodule;
			};
			name = Release;
		};
		3D30B9AE2F60EA6C005B2798 /* Debug */ = {
			isa = XCBuildConfiguration;
			buildSettings = {
				ASSETCATALOG_COMPILER_APPICON_NAME = AppIcon;
				ASSETCATALOG_COMPILER_GLOBAL_ACCENT_COLOR_NAME = AccentColor;
				CODE_SIGN_STYLE = Automatic;
				COMBINE_HIDPI_IMAGES = YES;
				CURRENT_PROJECT_VERSION = 1;
				ENABLE_APP_SANDBOX = NO;
				ENABLE_USER_SELECTED_FILES = readonly;
				GENERATE_INFOPLIST_FILE = YES;
				INFOPLIST_KEY_LSApplicationCategoryType = "public.app-category.games";
				INFOPLIST_KEY_NSHumanReadableCopyright = "";
				LD_RUNPATH_SEARCH_PATHS = (
					"$(inherited)",
					"@executable_path/../Frameworks",
				);
				LIBRARY_SEARCH_PATHS = (
					"$(inherited)",
					"$(PROJECT_DIR)/../../../bin",
				);
				MACOSX_DEPLOYMENT_TARGET = 26.2;
				MARKETING_VERSION = 1.0;
				OTHER_LDFLAGS = "-ltruco_core";
				PRODUCT_BUNDLE_IDENTIFIER = JVG.Truco;
				PRODUCT_NAME = "$(TARGET_NAME)";
				REGISTER_APP_GROUPS = YES;
				STRING_CATALOG_GENERATE_SYMBOLS = YES;
				SWIFT_APPROACHABLE_CONCURRENCY = YES;
				SWIFT_DEFAULT_ACTOR_ISOLATION = MainActor;
				SWIFT_EMIT_LOC_STRINGS = YES;
				SWIFT_OBJC_BRIDGING_HEADER = "Truco/Truco-Bridging-Header.h";
				SWIFT_UPCOMING_FEATURE_MEMBER_IMPORT_VISIBILITY = YES;
				SWIFT_VERSION = 5.0;
			};
			name = Debug;
		};
		3D30B9AF2F60EA6C005B2798 /* Release */ = {
			isa = XCBuildConfiguration;
			buildSettings = {
				ASSETCATALOG_COMPILER_APPICON_NAME = AppIcon;
				ASSETCATALOG_COMPILER_GLOBAL_ACCENT_COLOR_NAME = AccentColor;
				CODE_SIGN_STYLE = Automatic;
				COMBINE_HIDPI_IMAGES = YES;
				CURRENT_PROJECT_VERSION = 1;
				ENABLE_APP_SANDBOX = NO;
				ENABLE_USER_SELECTED_FILES = readonly;
				GENERATE_INFOPLIST_FILE = YES;
				INFOPLIST_KEY_LSApplicationCategoryType = "public.app-category.games";
				INFOPLIST_KEY_NSHumanReadableCopyright = "";
				LD_RUNPATH_SEARCH_PATHS = (
					"$(inherited)",
					"@executable_path/../Frameworks",
				);
				LIBRARY_SEARCH_PATHS = (
					"$(inherited)",
					"$(PROJECT_DIR)/../../../bin",
				);
				MACOSX_DEPLOYMENT_TARGET = 26.2;
				MARKETING_VERSION = 1.0;
				OTHER_LDFLAGS = "-ltruco_core";
				PRODUCT_BUNDLE_IDENTIFIER = JVG.Truco;
				PRODUCT_NAME = "$(TARGET_NAME)";
				REGISTER_APP_GROUPS = YES;
				STRING_CATALOG_GENERATE_SYMBOLS = YES;
				SWIFT_APPROACHABLE_CONCURRENCY = YES;
				SWIFT_DEFAULT_ACTOR_ISOLATION = MainActor;
				SWIFT_EMIT_LOC_STRINGS = YES;
				SWIFT_OBJC_BRIDGING_HEADER = "Truco/Truco-Bridging-Header.h";
				SWIFT_UPCOMING_FEATURE_MEMBER_IMPORT_VISIBILITY = YES;
				SWIFT_VERSION = 5.0;
			};
			name = Release;
		};
		3D30B9B12F60EA6C005B2798 /* Debug */ = {
			isa = XCBuildConfiguration;
			buildSettings = {
				BUNDLE_LOADER = "$(TEST_HOST)";
				CODE_SIGN_STYLE = Automatic;
				CURRENT_PROJECT_VERSION = 1;
				GENERATE_INFOPLIST_FILE = YES;
				MACOSX_DEPLOYMENT_TARGET = 26.2;
				MARKETING_VERSION = 1.0;
				PRODUCT_BUNDLE_IDENTIFIER = JVG.TrucoTests;
				PRODUCT_NAME = "$(TARGET_NAME)";
				STRING_CATALOG_GENERATE_SYMBOLS = NO;
				SWIFT_APPROACHABLE_CONCURRENCY = YES;
				SWIFT_EMIT_LOC_STRINGS = NO;
				SWIFT_UPCOMING_FEATURE_MEMBER_IMPORT_VISIBILITY = YES;
				SWIFT_VERSION = 5.0;
				TEST_HOST = "$(BUILT_PRODUCTS_DIR)/Truco.app/$(BUNDLE_EXECUTABLE_FOLDER_PATH)/Truco";
			};
			name = Debug;
		};
		3D30B9B22F60EA6C005B2798 /* Release */ = {
			isa = XCBuildConfiguration;
			buildSettings = {
				BUNDLE_LOADER = "$(TEST_HOST)";
				CODE_SIGN_STYLE = Automatic;
				CURRENT_PROJECT_VERSION = 1;
				GENERATE_INFOPLIST_FILE = YES;
				MACOSX_DEPLOYMENT_TARGET = 26.2;
				MARKETING_VERSION = 1.0;
				PRODUCT_BUNDLE_IDENTIFIER = JVG.TrucoTests;
				PRODUCT_NAME = "$(TARGET_NAME)";
				STRING_CATALOG_GENERATE_SYMBOLS = NO;
				SWIFT_APPROACHABLE_CONCURRENCY = YES;
				SWIFT_EMIT_LOC_STRINGS = NO;
				SWIFT_UPCOMING_FEATURE_MEMBER_IMPORT_VISIBILITY = YES;
				SWIFT_VERSION = 5.0;
				TEST_HOST = "$(BUILT_PRODUCTS_DIR)/Truco.app/$(BUNDLE_EXECUTABLE_FOLDER_PATH)/Truco";
			};
			name = Release;
		};
		3D30B9B42F60EA6C005B2798 /* Debug */ = {
			isa = XCBuildConfiguration;
			buildSettings = {
				CODE_SIGN_STYLE = Automatic;
				CURRENT_PROJECT_VERSION = 1;
				GENERATE_INFOPLIST_FILE = YES;
				MARKETING_VERSION = 1.0;
				PRODUCT_BUNDLE_IDENTIFIER = JVG.TrucoUITests;
				PRODUCT_NAME = "$(TARGET_NAME)";
				STRING_CATALOG_GENERATE_SYMBOLS = NO;
				SWIFT_APPROACHABLE_CONCURRENCY = YES;
				SWIFT_EMIT_LOC_STRINGS = NO;
				SWIFT_UPCOMING_FEATURE_MEMBER_IMPORT_VISIBILITY = YES;
				SWIFT_VERSION = 5.0;
				TEST_TARGET_NAME = Truco;
			};
			name = Debug;
		};
		3D30B9B52F60EA6C005B2798 /* Release */ = {
			isa = XCBuildConfiguration;
			buildSettings = {
				CODE_SIGN_STYLE = Automatic;
				CURRENT_PROJECT_VERSION = 1;
				GENERATE_INFOPLIST_FILE = YES;
				MARKETING_VERSION = 1.0;
				PRODUCT_BUNDLE_IDENTIFIER = JVG.TrucoUITests;
				PRODUCT_NAME = "$(TARGET_NAME)";
				STRING_CATALOG_GENERATE_SYMBOLS = NO;
				SWIFT_APPROACHABLE_CONCURRENCY = YES;
				SWIFT_EMIT_LOC_STRINGS = NO;
				SWIFT_UPCOMING_FEATURE_MEMBER_IMPORT_VISIBILITY = YES;
				SWIFT_VERSION = 5.0;
				TEST_TARGET_NAME = Truco;
			};
			name = Release;
		};
/* End XCBuildConfiguration section */

/* Begin XCConfigurationList section */
		3D30B97E2F60EA6A005B2798 /* Build configuration list for PBXProject "Truco" */ = {
			isa = XCConfigurationList;
			buildConfigurations = (
				3D30B9AB2F60EA6C005B2798 /* Debug */,
				3D30B9AC2F60EA6C005B2798 /* Release */,
			);
			defaultConfigurationIsVisible = 0;
			defaultConfigurationName = Release;
		};
		3D30B9AD2F60EA6C005B2798 /* Build configuration list for PBXNativeTarget "Truco" */ = {
			isa = XCConfigurationList;
			buildConfigurations = (
				3D30B9AE2F60EA6C005B2798 /* Debug */,
				3D30B9AF2F60EA6C005B2798 /* Release */,
			);
			defaultConfigurationIsVisible = 0;
			defaultConfigurationName = Release;
		};
		3D30B9B02F60EA6C005B2798 /* Build configuration list for PBXNativeTarget "TrucoTests" */ = {
			isa = XCConfigurationList;
			buildConfigurations = (
				3D30B9B12F60EA6C005B2798 /* Debug */,
				3D30B9B22F60EA6C005B2798 /* Release */,
			);
			defaultConfigurationIsVisible = 0;
			defaultConfigurationName = Release;
		};
		3D30B9B32F60EA6C005B2798 /* Build configuration list for PBXNativeTarget "TrucoUITests" */ = {
			isa = XCConfigurationList;
			buildConfigurations = (
				3D30B9B42F60EA6C005B2798 /* Debug */,
				3D30B9B52F60EA6C005B2798 /* Release */,
			);
			defaultConfigurationIsVisible = 0;
			defaultConfigurationName = Release;
		};
/* End XCConfigurationList section */
	};
	rootObject = 3D30B97B2F60EA6A005B2798 /* Project object */;
}
